
Microsoft Visual Studio Solution File, Format Version 12.00
Project("{FAE04EC0-301F-11D3-BF4B-00C04F79EFBC}") = "Blog", "Blog.csproj", "{238E8A68-3D74-40D7-9BDB-AFFB3920E6A5}"
EndProject
Global
	GlobalSection(SolutionConfigurationPlatforms) = preSolution
		Debug|Any CPU = Debug|Any CPU
		Release|Any CPU = Release|Any CPU
	EndGlobalSection
	GlobalSection(ProjectConfigurationPlatforms) = postSolution
		{238E8A68-3D74-40D7-9BDB-AFFB3920E6A5}.Debug|Any CPU.ActiveCfg = Debug|Any CPU
		{238E8A68-3D74-40D7-9BDB-AFFB3920E6A5}.Debug|Any CPU.Build.0 = Debug|Any CPU
		{238E8A68-3D74-40D7-9BDB-AFFB3920E6A5}.Release|Any CPU.ActiveCfg = Release|Any CPU
		{238E8A68-3D74-40D7-9BDB-AFFB3920E6A5}.Release|Any CPU.Build.0 = Release|Any CPU
	EndGlobalSection
EndGlobal
